// !$*UTF8*$!
{
	archiveVersion = 1;
	classes = {
	};
	objectVersion = 46;
	objects = {

/* Begin PBXBuildFile section */
		38571E2E192E84D3009C49C2 /* Directions.m in Sources */ = {isa = PBXBuildFile; fileRef = 38571E2D192E84D3009C49C2 /* Directions.m */; };
		3885F8D0192D1CE100644779 /* Foundation.framework in Frameworks */ = {isa = PBXBuildFile; fileRef = 3885F8CF192D1CE100644779 /* Foundation.framework */; };
		3885F8D2192D1CE100644779 /* CoreGraphics.framework in Frameworks */ = {isa = PBXBuildFile; fileRef = 3885F8D1192D1CE100644779 /* CoreGraphics.framework */; };
		3885F8D4192D1CE100644779 /* UIKit.framework in Frameworks */ = {isa = PBXBuildFile; fileRef = 3885F8D3192D1CE100644779 /* UIKit.framework */; };
		3885F8DA192D1CE100644779 /* InfoPlist.strings in Resources */ = {isa = PBXBuildFile; fileRef = 3885F8D8192D1CE100644779 /* InfoPlist.strings */; };
		3885F8DC192D1CE100644779 /* main.m in Sources */ = {isa = PBXBuildFile; fileRef = 3885F8DB192D1CE100644779 /* main.m */; };
		3885F8E0192D1CE100644779 /* AppDelegate.m in Sources */ = {isa = PBXBuildFile; fileRef = 3885F8DF192D1CE100644779 /* AppDelegate.m */; };
		3885F8E3192D1CE100644779 /* Main.storyboard in Resources */ = {isa = PBXBuildFile; fileRef = 3885F8E1192D1CE100644779 /* Main.storyboard */; };
		3885F8E6192D1CE100644779 /* ViewController.m in Sources */ = {isa = PBXBuildFile; fileRef = 3885F8E5192D1CE100644779 /* ViewController.m */; };
		3885F8E8192D1CE100644779 /* Images.xcassets in Resources */ = {isa = PBXBuildFile; fileRef = 3885F8E7192D1CE100644779 /* Images.xcassets */; };
		3885F8EF192D1CE100644779 /* XCTest.framework in Frameworks */ = {isa = PBXBuildFile; fileRef = 3885F8EE192D1CE100644779 /* XCTest.framework */; };
		3885F8F0192D1CE100644779 /* Foundation.framework in Frameworks */ = {isa = PBXBuildFile; fileRef = 3885F8CF192D1CE100644779 /* Foundation.framework */; };
		3885F8F1192D1CE100644779 /* UIKit.framework in Frameworks */ = {isa = PBXBuildFile; fileRef = 3885F8D3192D1CE100644779 /* UIKit.framework */; };
		3885F8F9192D1CE100644779 /* InfoPlist.strings in Resources */ = {isa = PBXBuildFile; fileRef = 3885F8F7192D1CE100644779 /* InfoPlist.strings */; };
		3885F8FB192D1CE100644779 /* F2W3_MapKitProjectTests.m in Sources */ = {isa = PBXBuildFile; fileRef = 3885F8FA192D1CE100644779 /* F2W3_MapKitProjectTests.m */; };
/* End PBXBuildFile section */

/* Begin PBXContainerItemProxy section */
		3885F8F2192D1CE100644779 /* PBXContainerItemProxy */ = {
			isa = PBXContainerItemProxy;
			containerPortal = 3885F8C4192D1CE100644779 /* Project object */;
			proxyType = 1;
			remoteGlobalIDString = 3885F8CB192D1CE100644779;
			remoteInfo = "F2W3-MapKitProject";
		};
/* End PBXContainerItemProxy section */

/* Begin PBXFileReference section */
		38571E2C192E84D3009C49C2 /* Directions.h */ = {isa = PBXFileReference; fileEncoding = 4; lastKnownFileType = sourcecode.c.h; path = Directions.h; sourceTree = "<group>"; };
		38571E2D192E84D3009C49C2 /* Directions.m */ = {isa = PBXFileReference; fileEncoding = 4; lastKnownFileType = sourcecode.c.objc; path = Directions.m; sourceTree = "<group>"; };
		3885F8CC192D1CE100644779 /* F2W3-MapKitProject.app */ = {isa = PBXFileReference; explicitFileType = wrapper.application; includeInIndex = 0; path = "F2W3-MapKitProject.app"; sourceTree = BUILT_PRODUCTS_DIR; };
		3885F8CF192D1CE100644779 /* Foundation.framework */ = {isa = PBXFileReference; lastKnownFileType = wrapper.framework; name = Foundation.framework; path = System/Library/Frameworks/Foundation.framework; sourceTree = SDKROOT; };
		3885F8D1192D1CE100644779 /* CoreGraphics.framework */ = {isa = PBXFileReference; lastKnownFileType = wrapper.framework; name = CoreGraphics.framework; path = System/Library/Frameworks/CoreGraphics.framework; sourceTree = SDKROOT; };
		3885F8D3192D1CE100644779 /* UIKit.framework */ = {isa = PBXFileReference; lastKnownFileType = wrapper.framework; name = UIKit.framework; path = System/Library/Frameworks/UIKit.framework; sourceTree = SDKROOT; };
		3885F8D7192D1CE100644779 /* F2W3-MapKitProject-Info.plist */ = {isa = PBXFileReference; lastKnownFileType = text.plist.xml; path = "F2W3-MapKitProject-Info.plist"; sourceTree = "<group>"; };
		3885F8D9192D1CE100644779 /* en */ = {isa = PBXFileReference; lastKnownFileType = text.plist.strings; name = en; path = en.lproj/InfoPlist.strings; sourceTree = "<group>"; };
		3885F8DB192D1CE100644779 /* main.m */ = {isa = PBXFileReference; lastKnownFileType = sourcecode.c.objc; path = main.m; sourceTree = "<group>"; };
		3885F8DD192D1CE100644779 /* F2W3-MapKitProject-Prefix.pch */ = {isa = PBXFileReference; lastKnownFileType = sourcecode.c.h; path = "F2W3-MapKitProject-Prefix.pch"; sourceTree = "<group>"; };
		3885F8DE192D1CE100644779 /* AppDelegate.h */ = {isa = PBXFileReference; lastKnownFileType = sourcecode.c.h; path = AppDelegate.h; sourceTree = "<group>"; };
		3885F8DF192D1CE100644779 /* AppDelegate.m */ = {isa = PBXFileReference; lastKnownFileType = sourcecode.c.objc; path = AppDelegate.m; sourceTree = "<group>"; };
		3885F8E2192D1CE100644779 /* Base */ = {isa = PBXFileReference; lastKnownFileType = file.storyboard; name = Base; path = Base.lproj/Main.storyboard; sourceTree = "<group>"; };
		3885F8E4192D1CE100644779 /* ViewController.h */ = {isa = PBXFileReference; lastKnownFileType = sourcecode.c.h; path = ViewController.h; sourceTree = "<group>"; };
		3885F8E5192D1CE100644779 /* ViewController.m */ = {isa = PBXFileReference; lastKnownFileType = sourcecode.c.objc; path = ViewController.m; sourceTree = "<group>"; };
		3885F8E7192D1CE100644779 /* Images.xcassets */ = {isa = PBXFileReference; lastKnownFileType = folder.assetcatalog; path = Images.xcassets; sourceTree = "<group>"; };
		3885F8ED192D1CE100644779 /* F2W3-MapKitProjectTests.xctest */ = {isa = PBXFileReference; explicitFileType = wrapper.cfbundle; includeInIndex = 0; path = "F2W3-MapKitProjectTests.xctest"; sourceTree = BUILT_PRODUCTS_DIR; };
		3885F8EE192D1CE100644779 /* XCTest.framework */ = {isa = PBXFileReference; lastKnownFileType = wrapper.framework; name = XCTest.framework; path = Library/Frameworks/XCTest.framework; sourceTree = DEVELOPER_DIR; };
		3885F8F6192D1CE100644779 /* F2W3-MapKitProjectTests-Info.plist */ = {isa = PBXFileReference; lastKnownFileType = text.plist.xml; path = "F2W3-MapKitProjectTests-Info.plist"; sourceTree = "<group>"; };
		3885F8F8192D1CE100644779 /* en */ = {isa = PBXFileReference; lastKnownFileType = text.plist.strings; name = en; path = en.lproj/InfoPlist.strings; sourceTree = "<group>"; };
		3885F8FA192D1CE100644779 /* F2W3_MapKitProjectTests.m */ = {isa = PBXFileReference; lastKnownFileType = sourcecode.c.objc; path = F2W3_MapKitProjectTests.m; sourceTree = "<group>"; };
/* End PBXFileReference section */

/* Begin PBXFrameworksBuildPhase section */
		3885F8C9192D1CE100644779 /* Frameworks */ = {
			isa = PBXFrameworksBuildPhase;
			buildActionMask = 2147483647;
			files = (
				3885F8D2192D1CE100644779 /* CoreGraphics.framework in Frameworks */,
				3885F8D4192D1CE100644779 /* UIKit.framework in Frameworks */,
				3885F8D0192D1CE100644779 /* Foundation.framework in Frameworks */,
			);
			runOnlyForDeploymentPostprocessing = 0;
		};
		3885F8EA192D1CE100644779 /* Frameworks */ = {
			isa = PBXFrameworksBuildPhase;
			buildActionMask = 2147483647;
			files = (
				3885F8EF192D1CE100644779 /* XCTest.framework in Frameworks */,
				3885F8F1192D1CE100644779 /* UIKit.framework in Frameworks */,
				3885F8F0192D1CE100644779 /* Foundation.framework in Frameworks */,
			);
			runOnlyForDeploymentPostprocessing = 0;
		};
/* End PBXFrameworksBuildPhase section */

/* Begin PBXGroup section */
		38571E29192E838C009C49C2 /* Controller */ = {
			isa = PBXGroup;
			children = (
				3885F8E4192D1CE100644779 /* ViewController.h */,
				3885F8E5192D1CE100644779 /* ViewController.m */,
			);
			name = Controller;
			sourceTree = "<group>";
		};
		38571E2A192E8394009C49C2 /* VIew */ = {
			isa = PBXGroup;
			children = (
				3885F8E1192D1CE100644779 /* Main.storyboard */,
			);
			name = VIew;
			sourceTree = "<group>";
		};
		38571E2B192E83A5009C49C2 /* Model */ = {
			isa = PBXGroup;
			children = (
				38571E2C192E84D3009C49C2 /* Directions.h */,
				38571E2D192E84D3009C49C2 /* Directions.m */,
			);
			name = Model;
			sourceTree = "<group>";
		};
		3885F8C3192D1CE100644779 = {
			isa = PBXGroup;
			children = (
				3885F8D5192D1CE100644779 /* F2W3-MapKitProject */,
				3885F8F4192D1CE100644779 /* F2W3-MapKitProjectTests */,
				3885F8CE192D1CE100644779 /* Frameworks */,
				3885F8CD192D1CE100644779 /* Products */,
			);
			sourceTree = "<group>";
		};
		3885F8CD192D1CE100644779 /* Products */ = {
			isa = PBXGroup;
			children = (
				3885F8CC192D1CE100644779 /* F2W3-MapKitProject.app */,
				3885F8ED192D1CE100644779 /* F2W3-MapKitProjectTests.xctest */,
			);
			name = Products;
			sourceTree = "<group>";
		};
		3885F8CE192D1CE100644779 /* Frameworks */ = {
			isa = PBXGroup;
			children = (
				3885F8CF192D1CE100644779 /* Foundation.framework */,
				3885F8D1192D1CE100644779 /* CoreGraphics.framework */,
				3885F8D3192D1CE100644779 /* UIKit.framework */,
				3885F8EE192D1CE100644779 /* XCTest.framework */,
			);
			name = Frameworks;
			sourceTree = "<group>";
		};
		3885F8D5192D1CE100644779 /* F2W3-MapKitProject */ = {
			isa = PBXGroup;
			children = (
				3885F8DE192D1CE100644779 /* AppDelegate.h */,
				3885F8DF192D1CE100644779 /* AppDelegate.m */,
				38571E2B192E83A5009C49C2 /* Model */,
				38571E2A192E8394009C49C2 /* VIew */,
				38571E29192E838C009C49C2 /* Controller */,
				3885F8E7192D1CE100644779 /* Images.xcassets */,
				3885F8D6192D1CE100644779 /* Supporting Files */,
			);
			path = "F2W3-MapKitProject";
			sourceTree = "<group>";
		};
		3885F8D6192D1CE100644779 /* Supporting Files */ = {
			isa = PBXGroup;
			children = (
				3885F8D7192D1CE100644779 /* F2W3-MapKitProject-Info.plist */,
				3885F8D8192D1CE100644779 /* InfoPlist.strings */,
				3885F8DB192D1CE100644779 /* main.m */,
				3885F8DD192D1CE100644779 /* F2W3-MapKitProject-Prefix.pch */,
			);
			name = "Supporting Files";
			sourceTree = "<group>";
		};
		3885F8F4192D1CE100644779 /* F2W3-MapKitProjectTests */ = {
			isa = PBXGroup;
			children = (
				3885F8FA192D1CE100644779 /* F2W3_MapKitProjectTests.m */,
				3885F8F5192D1CE100644779 /* Supporting Files */,
			);
			path = "F2W3-MapKitProjectTests";
			sourceTree = "<group>";
		};
		3885F8F5192D1CE100644779 /* Supporting Files */ = {
			isa = PBXGroup;
			children = (
				3885F8F6192D1CE100644779 /* F2W3-MapKitProjectTests-Info.plist */,
				3885F8F7192D1CE100644779 /* InfoPlist.strings */,
			);
			name = "Supporting Files";
			sourceTree = "<group>";
		};
/* End PBXGroup section */

/* Begin PBXNativeTarget section */
		3885F8CB192D1CE100644779 /* F2W3-MapKitProject */ = {
			isa = PBXNativeTarget;
			buildConfigurationList = 3885F8FE192D1CE100644779 /* Build configuration list for PBXNativeTarget "F2W3-MapKitProject" */;
			buildPhases = (
				3885F8C8192D1CE100644779 /* Sources */,
				3885F8C9192D1CE100644779 /* Frameworks */,
				3885F8CA192D1CE100644779 /* Resources */,
			);
			buildRules = (
			);
			dependencies = (
			);
			name = "F2W3-MapKitProject";
			productName = "F2W3-MapKitProject";
			productReference = 3885F8CC192D1CE100644779 /* F2W3-MapKitProject.app */;
			productType = "com.apple.product-type.application";
		};
		3885F8EC192D1CE100644779 /* F2W3-MapKitProjectTests */ = {
			isa = PBXNativeTarget;
			buildConfigurationList = 3885F901192D1CE100644779 /* Build configuration list for PBXNativeTarget "F2W3-MapKitProjectTests" */;
			buildPhases = (
				3885F8E9192D1CE100644779 /* Sources */,
				3885F8EA192D1CE100644779 /* Frameworks */,
				3885F8EB192D1CE100644779 /* Resources */,
			);
			buildRules = (
			);
			dependencies = (
				3885F8F3192D1CE100644779 /* PBXTargetDependency */,
			);
			name = "F2W3-MapKitProjectTests";
			productName = "F2W3-MapKitProjectTests";
			productReference = 3885F8ED192D1CE100644779 /* F2W3-MapKitProjectTests.xctest */;
			productType = "com.apple.product-type.bundle.unit-test";
		};
/* End PBXNativeTarget section */

/* Begin PBXProject section */
		3885F8C4192D1CE100644779 /* Project object */ = {
			isa = PBXProject;
			attributes = {
				LastUpgradeCheck = 0510;
				ORGANIZATIONNAME = "Leonardo Lee";
				TargetAttributes = {
					3885F8EC192D1CE100644779 = {
						TestTargetID = 3885F8CB192D1CE100644779;
					};
				};
			};
			buildConfigurationList = 3885F8C7192D1CE100644779 /* Build configuration list for PBXProject "F2W3-MapKitProject" */;
			compatibilityVersion = "Xcode 3.2";
			developmentRegion = English;
			hasScannedForEncodings = 0;
			knownRegions = (
				en,
				Base,
			);
			mainGroup = 3885F8C3192D1CE100644779;
			productRefGroup = 3885F8CD192D1CE100644779 /* Products */;
			projectDirPath = "";
			projectRoot = "";
			targets = (
				3885F8CB192D1CE100644779 /* F2W3-MapKitProject */,
				3885F8EC192D1CE100644779 /* F2W3-MapKitProjectTests */,
			);
		};
/* End PBXProject section */

/* Begin PBXResourcesBuildPhase section */
		3885F8CA192D1CE100644779 /* Resources */ = {
			isa = PBXResourcesBuildPhase;
			buildActionMask = 2147483647;
			files = (
				3885F8E8192D1CE100644779 /* Images.xcassets in Resources */,
				3885F8DA192D1CE100644779 /* InfoPlist.strings in Resources */,
				3885F8E3192D1CE100644779 /* Main.storyboard in Resources */,
			);
			runOnlyForDeploymentPostprocessing = 0;
		};
		3885F8EB192D1CE100644779 /* Resources */ = {
			isa = PBXResourcesBuildPhase;
			buildActionMask = 2147483647;
			files = (
				3885F8F9192D1CE100644779 /* InfoPlist.strings in Resources */,
			);
			runOnlyForDeploymentPostprocessing = 0;
		};
/* End PBXResourcesBuildPhase section */

/* Begin PBXSourcesBuildPhase section */
		3885F8C8192D1CE100644779 /* Sources */ = {
			isa = PBXSourcesBuildPhase;
			buildActionMask = 2147483647;
			files = (
				3885F8E6192D1CE100644779 /* ViewController.m in Sources */,
				3885F8E0192D1CE100644779 /* AppDelegate.m in Sources */,
				3885F8DC192D1CE100644779 /* main.m in Sources */,
				38571E2E192E84D3009C49C2 /* Directions.m in Sources */,
			);
			runOnlyForDeploymentPostprocessing = 0;
		};
		3885F8E9192D1CE100644779 /* Sources */ = {
			isa = PBXSourcesBuildPhase;
			buildActionMask = 2147483647;
			files = (
				3885F8FB192D1CE100644779 /* F2W3_MapKitProjectTests.m in Sources */,
			);
			runOnlyForDeploymentPostprocessing = 0;
		};
/* End PBXSourcesBuildPhase section */

/* Begin PBXTargetDependency section */
		3885F8F3192D1CE100644779 /* PBXTargetDependency */ = {
			isa = PBXTargetDependency;
			target = 3885F8CB192D1CE100644779 /* F2W3-MapKitProject */;
			targetProxy = 3885F8F2192D1CE100644779 /* PBXContainerItemProxy */;
		};
/* End PBXTargetDependency section */

/* Begin PBXVariantGroup section */
		3885F8D8192D1CE100644779 /* InfoPlist.strings */ = {
			isa = PBXVariantGroup;
			children = (
				3885F8D9192D1CE100644779 /* en */,
			);
			name = InfoPlist.strings;
			sourceTree = "<group>";
		};
		3885F8E1192D1CE100644779 /* Main.storyboard */ = {
			isa = PBXVariantGroup;
			children = (
				3885F8E2192D1CE100644779 /* Base */,
			);
			name = Main.storyboard;
			sourceTree = "<group>";
		};
		3885F8F7192D1CE100644779 /* InfoPlist.strings */ = {
			isa = PBXVariantGroup;
			children = (
				3885F8F8192D1CE100644779 /* en */,
			);
			name = InfoPlist.strings;
			sourceTree = "<group>";
		};
/* End PBXVariantGroup section */

/* Begin XCBuildConfiguration section */
		3885F8FC192D1CE100644779 /* Debug */ = {
			isa = XCBuildConfiguration;
			buildSettings = {
				ALWAYS_SEARCH_USER_PATHS = NO;
				CLANG_CXX_LANGUAGE_STANDARD = "gnu++0x";
				CLANG_CXX_LIBRARY = "libc++";
				CLANG_ENABLE_MODULES = YES;
				CLANG_ENABLE_OBJC_ARC = YES;
				CLANG_WARN_BOOL_CONVERSION = YES;
				CLANG_WARN_CONSTANT_CONVERSION = YES;
				CLANG_WARN_DIRECT_OBJC_ISA_USAGE = YES_ERROR;
				CLANG_WARN_EMPTY_BODY = YES;
				CLANG_WARN_ENUM_CONVERSION = YES;
				CLANG_WARN_INT_CONVERSION = YES;
				CLANG_WARN_OBJC_ROOT_CLASS = YES_ERROR;
				CLANG_WARN__DUPLICATE_METHOD_MATCH = YES;
				"CODE_SIGN_IDENTITY[sdk=iphoneos*]" = "iPhone Developer";
				COPY_PHASE_STRIP = NO;
				GCC_C_LANGUAGE_STANDARD = gnu99;
				GCC_DYNAMIC_NO_PIC = NO;
				GCC_OPTIMIZATION_LEVEL = 0;
				GCC_PREPROCESSOR_DEFINITIONS = (
					"DEBUG=1",
					"$(inherited)",
				);
				GCC_SYMBOLS_PRIVATE_EXTERN = NO;
				GCC_WARN_64_TO_32_BIT_CONVERSION = YES;
				GCC_WARN_ABOUT_RETURN_TYPE = YES_ERROR;
				GCC_WARN_UNDECLARED_SELECTOR = YES;
				GCC_WARN_UNINITIALIZED_AUTOS = YES_AGGRESSIVE;
				GCC_WARN_UNUSED_FUNCTION = YES;
				GCC_WARN_UNUSED_VARIABLE = YES;
				IPHONEOS_DEPLOYMENT_TARGET = 7.1;
				ONLY_ACTIVE_ARCH = YES;
				SDKROOT = iphoneos;
			};
			name = Debug;
		};
		3885F8FD192D1CE100644779 /* Release */ = {
			isa = XCBuildConfiguration;
			buildSettings = {
				ALWAYS_SEARCH_USER_PATHS = NO;
				CLANG_CXX_LANGUAGE_STANDARD = "gnu++0x";
				CLANG_CXX_LIBRARY = "libc++";
				CLANG_ENABLE_MODULES = YES;
				CLANG_ENABLE_OBJC_ARC = YES;
				CLANG_WARN_BOOL_CONVERSION = YES;
				CLANG_WARN_CONSTANT_CONVERSION = YES;
				CLANG_WARN_DIRECT_OBJC_ISA_USAGE = YES_ERROR;
				CLANG_WARN_EMPTY_BODY = YES;
				CLANG_WARN_ENUM_CONVERSION = YES;
				CLANG_WARN_INT_CONVERSION = YES;
				CLANG_WARN_OBJC_ROOT_CLASS = YES_ERROR;
				CLANG_WARN__DUPLICATE_METHOD_MATCH = YES;
				"CODE_SIGN_IDENTITY[sdk=iphoneos*]" = "iPhone Developer";
				COPY_PHASE_STRIP = YES;
				ENABLE_NS_ASSERTIONS = NO;
				GCC_C_LANGUAGE_STANDARD = gnu99;
				GCC_WARN_64_TO_32_BIT_CONVERSION = YES;
				GCC_WARN_ABOUT_RETURN_TYPE = YES_ERROR;
				GCC_WARN_UNDECLARED_SELECTOR = YES;
				GCC_WARN_UNINITIALIZED_AUTOS = YES_AGGRESSIVE;
				GCC_WARN_UNUSED_FUNCTION = YES;
				GCC_WARN_UNUSED_VARIABLE = YES;
				IPHONEOS_DEPLOYMENT_TARGET = 7.1;
				SDKROOT = iphoneos;
				VALIDATE_PRODUCT = YES;
			};
			name = Release;
		};
		3885F8FF192D1CE100644779 /* Debug */ = {
			isa = XCBuildConfiguration;
			buildSettings = {
				ASSETCATALOG_COMPILER_APPICON_NAME = AppIcon;
				ASSETCATALOG_COMPILER_LAUNCHIMAGE_NAME = LaunchImage;
				GCC_PRECOMPILE_PREFIX_HEADER = YES;
				GCC_PREFIX_HEADER = "F2W3-MapKitProject/F2W3-MapKitProject-Prefix.pch";
				INFOPLIST_FILE = "F2W3-MapKitProject/F2W3-MapKitProject-Info.plist";
				PRODUCT_NAME = "$(TARGET_NAME)";
				WRAPPER_EXTENSION = app;
			};
			name = Debug;
		};
		3885F900192D1CE100644779 /* Release */ = {
			isa = XCBuildConfiguration;
			buildSettings = {
				ASSETCATALOG_COMPILER_APPICON_NAME = AppIcon;
				ASSETCATALOG_COMPILER_LAUNCHIMAGE_NAME = LaunchImage;
				GCC_PRECOMPILE_PREFIX_HEADER = YES;
				GCC_PREFIX_HEADER = "F2W3-MapKitProject/F2W3-MapKitProject-Prefix.pch";
				INFOPLIST_FILE = "F2W3-MapKitProject/F2W3-MapKitProject-Info.plist";
				PRODUCT_NAME = "$(TARGET_NAME)";
				WRAPPER_EXTENSION = app;
			};
			name = Release;
		};
		3885F902192D1CE100644779 /* Debug */ = {
			isa = XCBuildConfiguration;
			buildSettings = {
				BUNDLE_LOADER = "$(BUILT_PRODUCTS_DIR)/F2W3-MapKitProject.app/F2W3-MapKitProject";
				FRAMEWORK_SEARCH_PATHS = (
					"$(SDKROOT)/Developer/Library/Frameworks",
					"$(inherited)",
					"$(DEVELOPER_FRAMEWORKS_DIR)",
				);
				GCC_PRECOMPILE_PREFIX_HEADER = YES;
				GCC_PREFIX_HEADER = "F2W3-MapKitProject/F2W3-MapKitProject-Prefix.pch";
				GCC_PREPROCESSOR_DEFINITIONS = (
					"DEBUG=1",
					"$(inherited)",
				);
				INFOPLIST_FILE = "F2W3-MapKitProjectTests/F2W3-MapKitProjectTests-Info.plist";
				PRODUCT_NAME = "$(TARGET_NAME)";
				TEST_HOST = "$(BUNDLE_LOADER)";
				WRAPPER_EXTENSION = xctest;
			};
			name = Debug;
		};
		3885F903192D1CE100644779 /* Release */ = {
			isa = XCBuildConfiguration;
			buildSettings = {
				BUNDLE_LOADER = "$(BUILT_PRODUCTS_DIR)/F2W3-MapKitProject.app/F2W3-MapKitProject";
				FRAMEWORK_SEARCH_PATHS = (
					"$(SDKROOT)/Developer/Library/Frameworks",
					"$(inherited)",
					"$(DEVELOPER_FRAMEWORKS_DIR)",
				);
				GCC_PRECOMPILE_PREFIX_HEADER = YES;
				GCC_PREFIX_HEADER = "F2W3-MapKitProject/F2W3-MapKitProject-Prefix.pch";
				INFOPLIST_FILE = "F2W3-MapKitProjectTests/F2W3-MapKitProjectTests-Info.plist";
				PRODUCT_NAME = "$(TARGET_NAME)";
				TEST_HOST = "$(BUNDLE_LOADER)";
				WRAPPER_EXTENSION = xctest;
			};
			name = Release;
		};
/* End XCBuildConfiguration section */

/* Begin XCConfigurationList section */
		3885F8C7192D1CE100644779 /* Build configuration list for PBXProject "F2W3-MapKitProject" */ = {
			isa = XCConfigurationList;
			buildConfigurations = (
				3885F8FC192D1CE100644779 /* Debug */,
				3885F8FD192D1CE100644779 /* Release */,
			);
			defaultConfigurationIsVisible = 0;
			defaultConfigurationName = Release;
		};
		3885F8FE192D1CE100644779 /* Build configuration list for PBXNativeTarget "F2W3-MapKitProject" */ = {
			isa = XCConfigurationList;
			buildConfigurations = (
				3885F8FF192D1CE100644779 /* Debug */,
				3885F900192D1CE100644779 /* Release */,
			);
			defaultConfigurationIsVisible = 0;
			defaultConfigurationName = Release;
		};
		3885F901192D1CE100644779 /* Build configuration list for PBXNativeTarget "F2W3-MapKitProjectTests" */ = {
			isa = XCConfigurationList;
			buildConfigurations = (
				3885F902192D1CE100644779 /* Debug */,
				3885F903192D1CE100644779 /* Release */,
			);
			defaultConfigurationIsVisible = 0;
			defaultConfigurationName = Release;
		};
/* End XCConfigurationList section */
	};
	rootObject = 3885F8C4192D1CE100644779 /* Project object */;
}
